
Microsoft Visual Studio Solution File, Format Version 12.00
# Visual Studio Version 17
VisualStudioVersion = 17.5.33312.197
MinimumVisualStudioVersion = 10.0.40219.1
Project("{9A19103F-16F7-4668-BE54-9A1E7A4F7556}") = "RsiCompany", "RsiCompany\RsiCompany.csproj", "{2437034C-6E73-441B-81FB-51712CD76761}"
EndProject
Project("{9A19103F-16F7-4668-BE54-9A1E7A4F7556}") = "Contracts", "Contracts\Contracts.csproj", "{B3674391-A1B5-4E9C-9261-C8459D9E4936}"
EndProject
Project("{9A19103F-16F7-4668-BE54-9A1E7A4F7556}") = "LoggerService", "LoggerService\LoggerService.csproj", "{244289A0-40D8-4901-A07D-78446A61E1C7}"
EndProject
Project("{9A19103F-16F7-4668-BE54-9A1E7A4F7556}") = "Entities", "Entities\Entities.csproj", "{B5BB02E0-E640-48CA-958A-815941D11DC8}"
EndProject
Project("{9A19103F-16F7-4668-BE54-9A1E7A4F7556}") = "Repository", "Repository\Repository.csproj", "{72E5BD02-B1EF-4705-BA86-EEA1F082AA96}"
EndProject
Project("{9A19103F-16F7-4668-BE54-9A1E7A4F7556}") = "Service.Contracts", "Service.Contracts\Service.Contracts.csproj", "{E717D3B9-65BF-4234-9CCD-E5D9491B1987}"
EndProject
Project("{9A19103F-16F7-4668-BE54-9A1E7A4F7556}") = "Service", "Service\Service.csproj", "{BBAB750B-A854-4F78-BB97-4C44D94C3602}"
EndProject
Project("{9A19103F-16F7-4668-BE54-9A1E7A4F7556}") = "RsiCompany.Presentation", "RsiCompany.Presentation\RsiCompany.Presentation.csproj", "{85489801-EAF2-4839-B675-9013CCAD5E5D}"
EndProject
Project("{FAE04EC0-301F-11D3-BF4B-00C04F79EFBC}") = "Shared", "Shared\Shared.csproj", "{8CB89FA8-5899-4194-8577-B32C3202BD52}"
EndProject
Global
	GlobalSection(SolutionConfigurationPlatforms) = preSolution
		Debug|Any CPU = Debug|Any CPU
		Release|Any CPU = Release|Any CPU
	EndGlobalSection
	GlobalSection(ProjectConfigurationPlatforms) = postSolution
		{2437034C-6E73-441B-81FB-51712CD76761}.Debug|Any CPU.ActiveCfg = Debug|Any CPU
		{2437034C-6E73-441B-81FB-51712CD76761}.Debug|Any CPU.Build.0 = Debug|Any CPU
		{2437034C-6E73-441B-81FB-51712CD76761}.Release|Any CPU.ActiveCfg = Release|Any CPU
		{2437034C-6E73-441B-81FB-51712CD76761}.Release|Any CPU.Build.0 = Release|Any CPU
		{B3674391-A1B5-4E9C-9261-C8459D9E4936}.Debug|Any CPU.ActiveCfg = Debug|Any CPU
		{B3674391-A1B5-4E9C-9261-C8459D9E4936}.Debug|Any CPU.Build.0 = Debug|Any CPU
		{B3674391-A1B5-4E9C-9261-C8459D9E4936}.Release|Any CPU.ActiveCfg = Release|Any CPU
		{B3674391-A1B5-4E9C-9261-C8459D9E4936}.Release|Any CPU.Build.0 = Release|Any CPU
		{244289A0-40D8-4901-A07D-78446A61E1C7}.Debug|Any CPU.ActiveCfg = Debug|Any CPU
		{244289A0-40D8-4901-A07D-78446A61E1C7}.Debug|Any CPU.Build.0 = Debug|Any CPU
		{244289A0-40D8-4901-A07D-78446A61E1C7}.Release|Any CPU.ActiveCfg = Release|Any CPU
		{244289A0-40D8-4901-A07D-78446A61E1C7}.Release|Any CPU.Build.0 = Release|Any CPU
		{B5BB02E0-E640-48CA-958A-815941D11DC8}.Debug|Any CPU.ActiveCfg = Debug|Any CPU
		{B5BB02E0-E640-48CA-958A-815941D11DC8}.Debug|Any CPU.Build.0 = Debug|Any CPU
		{B5BB02E0-E640-48CA-958A-815941D11DC8}.Release|Any CPU.ActiveCfg = Release|Any CPU
		{B5BB02E0-E640-48CA-958A-815941D11DC8}.Release|Any CPU.Build.0 = Release|Any CPU
		{72E5BD02-B1EF-4705-BA86-EEA1F082AA96}.Debug|Any CPU.ActiveCfg = Debug|Any CPU
		{72E5BD02-B1EF-4705-BA86-EEA1F082AA96}.Debug|Any CPU.Build.0 = Debug|Any CPU
		{72E5BD02-B1EF-4705-BA86-EEA1F082AA96}.Release|Any CPU.ActiveCfg = Release|Any CPU
		{72E5BD02-B1EF-4705-BA86-EEA1F082AA96}.Release|Any CPU.Build.0 = Release|Any CPU
		{E717D3B9-65BF-4234-9CCD-E5D9491B1987}.Debug|Any CPU.ActiveCfg = Debug|Any CPU
		{E717D3B9-65BF-4234-9CCD-E5D9491B1987}.Debug|Any CPU.Build.0 = Debug|Any CPU
		{E717D3B9-65BF-4234-9CCD-E5D9491B1987}.Release|Any CPU.ActiveCfg = Release|Any CPU
		{E717D3B9-65BF-4234-9CCD-E5D9491B1987}.Release|Any CPU.Build.0 = Release|Any CPU
		{BBAB750B-A854-4F78-BB97-4C44D94C3602}.Debug|Any CPU.ActiveCfg = Debug|Any CPU
		{BBAB750B-A854-4F78-BB97-4C44D94C3602}.Debug|Any CPU.Build.0 = Debug|Any CPU
		{BBAB750B-A854-4F78-BB97-4C44D94C3602}.Release|Any CPU.ActiveCfg = Release|Any CPU
		{BBAB750B-A854-4F78-BB97-4C44D94C3602}.Release|Any CPU.Build.0 = Release|Any CPU
		{85489801-EAF2-4839-B675-9013CCAD5E5D}.Debug|Any CPU.ActiveCfg = Debug|Any CPU
		{85489801-EAF2-4839-B675-9013CCAD5E5D}.Debug|Any CPU.Build.0 = Debug|Any CPU
		{85489801-EAF2-4839-B675-9013CCAD5E5D}.Release|Any CPU.ActiveCfg = Release|Any CPU
		{85489801-EAF2-4839-B675-9013CCAD5E5D}.Release|Any CPU.Build.0 = Release|Any CPU
		{8CB89FA8-5899-4194-8577-B32C3202BD52}.Debug|Any CPU.ActiveCfg = Debug|Any CPU
		{8CB89FA8-5899-4194-8577-B32C3202BD52}.Debug|Any CPU.Build.0 = Debug|Any CPU
		{8CB89FA8-5899-4194-8577-B32C3202BD52}.Release|Any CPU.ActiveCfg = Release|Any CPU
		{8CB89FA8-5899-4194-8577-B32C3202BD52}.Release|Any CPU.Build.0 = Release|Any CPU
	EndGlobalSection
	GlobalSection(SolutionProperties) = preSolution
		HideSolutionNode = FALSE
	EndGlobalSection
	GlobalSection(ExtensibilityGlobals) = postSolution
		SolutionGuid = {46194C2A-9A80-4276-A030-7E9CDDE2E4FB}
	EndGlobalSection
EndGlobal
